
Microsoft Visual Studio Solution File, Format Version 12.00
# Visual Studio Version 17
VisualStudioVersion = 17.5.33627.172
MinimumVisualStudioVersion = 10.0.40219.1
Project("{9A19103F-16F7-4668-BE54-9A1E7A4F7556}") = "CitiesManager.WebAPI", "CitiesManager.WebAPI\CitiesManager.WebAPI.csproj", "{E9A63C20-CD11-47BD-A2DE-599668E2CF0F}"
EndProject
Project("{FAE04EC0-301F-11D3-BF4B-00C04F79EFBC}") = "CitiesManager.Core", "CitiesManager.Core\CitiesManager.Core.csproj", "{C05EE06F-22B7-44E5-A6D3-CB3D30F42810}"
EndProject
Project("{FAE04EC0-301F-11D3-BF4B-00C04F79EFBC}") = "CitiesManager.Infrastructure", "CitiesManager.Infrastructure\CitiesManager.Infrastructure.csproj", "{56347A34-C05C-4019-B7DB-C243B0021847}"
EndProject
Global
	GlobalSection(SolutionConfigurationPlatforms) = preSolution
		Debug|Any CPU = Debug|Any CPU
		Release|Any CPU = Release|Any CPU
	EndGlobalSection
	GlobalSection(ProjectConfigurationPlatforms) = postSolution
		{E9A63C20-CD11-47BD-A2DE-599668E2CF0F}.Debug|Any CPU.ActiveCfg = Debug|Any CPU
		{E9A63C20-CD11-47BD-A2DE-599668E2CF0F}.Debug|Any CPU.Build.0 = Debug|Any CPU
		{E9A63C20-CD11-47BD-A2DE-599668E2CF0F}.Release|Any CPU.ActiveCfg = Release|Any CPU
		{E9A63C20-CD11-47BD-A2DE-599668E2CF0F}.Release|Any CPU.Build.0 = Release|Any CPU
		{C05EE06F-22B7-44E5-A6D3-CB3D30F42810}.Debug|Any CPU.ActiveCfg = Debug|Any CPU
		{C05EE06F-22B7-44E5-A6D3-CB3D30F42810}.Debug|Any CPU.Build.0 = Debug|Any CPU
		{C05EE06F-22B7-44E5-A6D3-CB3D30F42810}.Release|Any CPU.ActiveCfg = Release|Any CPU
		{C05EE06F-22B7-44E5-A6D3-CB3D30F42810}.Release|Any CPU.Build.0 = Release|Any CPU
		{56347A34-C05C-4019-B7DB-C243B0021847}.Debug|Any CPU.ActiveCfg = Debug|Any CPU
		{56347A34-C05C-4019-B7DB-C243B0021847}.Debug|Any CPU.Build.0 = Debug|Any CPU
		{56347A34-C05C-4019-B7DB-C243B0021847}.Release|Any CPU.ActiveCfg = Release|Any CPU
		{56347A34-C05C-4019-B7DB-C243B0021847}.Release|Any CPU.Build.0 = Release|Any CPU
	EndGlobalSection
	GlobalSection(SolutionProperties) = preSolution
		HideSolutionNode = FALSE
	EndGlobalSection
	GlobalSection(ExtensibilityGlobals) = postSolution
		SolutionGuid = {4104234A-961D-410C-A1C9-C44923C672B8}
	EndGlobalSection
EndGlobal
